// !$*UTF8*$!
{
	archiveVersion = 1;
	classes = {
	};
	objectVersion = 55;
	objects = {

/* Begin PBXBuildFile section */
		964865302859CCC900570F75 /* ParsingConstant.swift in Sources */ = {isa = PBXBuildFile; fileRef = 9648652F2859CCC900570F75 /* ParsingConstant.swift */; };
		964865352859E59F00570F75 /* SMError.swift in Sources */ = {isa = PBXBuildFile; fileRef = 964865342859E59F00570F75 /* SMError.swift */; };
		964865382859F2CE00570F75 /* URLExtension.swift in Sources */ = {isa = PBXBuildFile; fileRef = 964865372859F2CE00570F75 /* URLExtension.swift */; };
		9648653A2859F44200570F75 /* StringExtension.swift in Sources */ = {isa = PBXBuildFile; fileRef = 964865392859F44200570F75 /* StringExtension.swift */; };
		9648653C2859F9F300570F75 /* MovieSearchAPI.swift in Sources */ = {isa = PBXBuildFile; fileRef = 9648653B2859F9F300570F75 /* MovieSearchAPI.swift */; };
		9648653E285B2B2C00570F75 /* OldMovieSearchAPI.swift in Sources */ = {isa = PBXBuildFile; fileRef = 9648653D285B2B2C00570F75 /* OldMovieSearchAPI.swift */; };
		96486540285B44D000570F75 /* MovieDetailViewController.swift in Sources */ = {isa = PBXBuildFile; fileRef = 9648653F285B44D000570F75 /* MovieDetailViewController.swift */; };
		96486542285B456E00570F75 /* MovieFavoriteViewController.swift in Sources */ = {isa = PBXBuildFile; fileRef = 96486541285B456E00570F75 /* MovieFavoriteViewController.swift */; };
		96486544285B48AB00570F75 /* AppComponent.swift in Sources */ = {isa = PBXBuildFile; fileRef = 96486543285B48AB00570F75 /* AppComponent.swift */; };
		96486546285B493000570F75 /* MovieSearchViewModel.swift in Sources */ = {isa = PBXBuildFile; fileRef = 96486545285B493000570F75 /* MovieSearchViewModel.swift */; };
		96486549285B54CD00570F75 /* IntExtension.swift in Sources */ = {isa = PBXBuildFile; fileRef = 96486548285B54CD00570F75 /* IntExtension.swift */; };
		9648654C285B617D00570F75 /* MovieCell.swift in Sources */ = {isa = PBXBuildFile; fileRef = 9648654B285B617D00570F75 /* MovieCell.swift */; };
		9648654E285B626000570F75 /* ViewIdentifier.swift in Sources */ = {isa = PBXBuildFile; fileRef = 9648654D285B626000570F75 /* ViewIdentifier.swift */; };
		96486550285B6AD700570F75 /* FontExtension.swift in Sources */ = {isa = PBXBuildFile; fileRef = 9648654F285B6AD700570F75 /* FontExtension.swift */; };
		96486552285B6C4700570F75 /* FontComponent.swift in Sources */ = {isa = PBXBuildFile; fileRef = 96486551285B6C4700570F75 /* FontComponent.swift */; };
		96486554285C3F3400570F75 /* UIImageExtension.swift in Sources */ = {isa = PBXBuildFile; fileRef = 96486553285C3F3400570F75 /* UIImageExtension.swift */; };
		9694192928585869008AE5CA /* AppDelegate.swift in Sources */ = {isa = PBXBuildFile; fileRef = 9694192828585869008AE5CA /* AppDelegate.swift */; };
		9694192B28585869008AE5CA /* SceneDelegate.swift in Sources */ = {isa = PBXBuildFile; fileRef = 9694192A28585869008AE5CA /* SceneDelegate.swift */; };
		9694193028585869008AE5CA /* Main.storyboard in Resources */ = {isa = PBXBuildFile; fileRef = 9694192E28585869008AE5CA /* Main.storyboard */; };
		969419322858586B008AE5CA /* Assets.xcassets in Resources */ = {isa = PBXBuildFile; fileRef = 969419312858586B008AE5CA /* Assets.xcassets */; };
		969419352858586B008AE5CA /* LaunchScreen.storyboard in Resources */ = {isa = PBXBuildFile; fileRef = 969419332858586B008AE5CA /* LaunchScreen.storyboard */; };
		969419402858586B008AE5CA /* SearchedMovieTests.swift in Sources */ = {isa = PBXBuildFile; fileRef = 9694193F2858586B008AE5CA /* SearchedMovieTests.swift */; };
		9694194A2858586B008AE5CA /* SearchedMovieUITests.swift in Sources */ = {isa = PBXBuildFile; fileRef = 969419492858586B008AE5CA /* SearchedMovieUITests.swift */; };
		9694194C2858586B008AE5CA /* SearchedMovieUITestsLaunchTests.swift in Sources */ = {isa = PBXBuildFile; fileRef = 9694194B2858586B008AE5CA /* SearchedMovieUITestsLaunchTests.swift */; };
		9694195D285858DF008AE5CA /* MovieSearchViewController.swift in Sources */ = {isa = PBXBuildFile; fileRef = 9694195C285858DF008AE5CA /* MovieSearchViewController.swift */; };
		969419602858599D008AE5CA /* RxCocoa in Frameworks */ = {isa = PBXBuildFile; productRef = 9694195F2858599D008AE5CA /* RxCocoa */; };
		969419622858599D008AE5CA /* RxRelay in Frameworks */ = {isa = PBXBuildFile; productRef = 969419612858599D008AE5CA /* RxRelay */; };
		969419642858599D008AE5CA /* RxSwift in Frameworks */ = {isa = PBXBuildFile; productRef = 969419632858599D008AE5CA /* RxSwift */; };
		9694196728585A65008AE5CA /* BasicViewController.swift in Sources */ = {isa = PBXBuildFile; fileRef = 9694196628585A65008AE5CA /* BasicViewController.swift */; };
		9694196A28585B64008AE5CA /* Then in Frameworks */ = {isa = PBXBuildFile; productRef = 9694196928585B64008AE5CA /* Then */; };
		9694196D28585BC4008AE5CA /* SnapKit in Frameworks */ = {isa = PBXBuildFile; productRef = 9694196C28585BC4008AE5CA /* SnapKit */; };
		96941970285860EB008AE5CA /* Alamofire in Frameworks */ = {isa = PBXBuildFile; productRef = 9694196F285860EB008AE5CA /* Alamofire */; };
		969419722859C606008AE5CA /* Movie.swift in Sources */ = {isa = PBXBuildFile; fileRef = 969419712859C606008AE5CA /* Movie.swift */; };
		969419752859C77D008AE5CA /* Constant.swift in Sources */ = {isa = PBXBuildFile; fileRef = 969419742859C77D008AE5CA /* Constant.swift */; };
		969419772859C7F7008AE5CA /* AppBundle.swift in Sources */ = {isa = PBXBuildFile; fileRef = 969419762859C7F7008AE5CA /* AppBundle.swift */; };
		96A55D5D286067D700336BBD /* ViewConstant.swift in Sources */ = {isa = PBXBuildFile; fileRef = 96A55D5C286067D700336BBD /* ViewConstant.swift */; };
		96A55D6028606C7800336BBD /* HTMLTagType.swift in Sources */ = {isa = PBXBuildFile; fileRef = 96A55D5F28606C7800336BBD /* HTMLTagType.swift */; };
		96A55D632860A36C00336BBD /* CustomView.swift in Sources */ = {isa = PBXBuildFile; fileRef = 96A55D622860A36C00336BBD /* CustomView.swift */; };
		96A55D652860AF9000336BBD /* CustomSearchBar.swift in Sources */ = {isa = PBXBuildFile; fileRef = 96A55D642860AF9000336BBD /* CustomSearchBar.swift */; };
		96A55D672860B9AB00336BBD /* ViewModel.swift in Sources */ = {isa = PBXBuildFile; fileRef = 96A55D662860B9AB00336BBD /* ViewModel.swift */; };
/* End PBXBuildFile section */

/* Begin PBXContainerItemProxy section */
		9694193C2858586B008AE5CA /* PBXContainerItemProxy */ = {
			isa = PBXContainerItemProxy;
			containerPortal = 9694191D28585869008AE5CA /* Project object */;
			proxyType = 1;
			remoteGlobalIDString = 9694192428585869008AE5CA;
			remoteInfo = SearchedMovie;
		};
		969419462858586B008AE5CA /* PBXContainerItemProxy */ = {
			isa = PBXContainerItemProxy;
			containerPortal = 9694191D28585869008AE5CA /* Project object */;
			proxyType = 1;
			remoteGlobalIDString = 9694192428585869008AE5CA;
			remoteInfo = SearchedMovie;
		};
/* End PBXContainerItemProxy section */

/* Begin PBXFileReference section */
		9648652F2859CCC900570F75 /* ParsingConstant.swift */ = {isa = PBXFileReference; lastKnownFileType = sourcecode.swift; path = ParsingConstant.swift; sourceTree = "<group>"; };
		964865342859E59F00570F75 /* SMError.swift */ = {isa = PBXFileReference; lastKnownFileType = sourcecode.swift; path = SMError.swift; sourceTree = "<group>"; };
		964865372859F2CE00570F75 /* URLExtension.swift */ = {isa = PBXFileReference; lastKnownFileType = sourcecode.swift; path = URLExtension.swift; sourceTree = "<group>"; };
		964865392859F44200570F75 /* StringExtension.swift */ = {isa = PBXFileReference; lastKnownFileType = sourcecode.swift; path = StringExtension.swift; sourceTree = "<group>"; };
		9648653B2859F9F300570F75 /* MovieSearchAPI.swift */ = {isa = PBXFileReference; lastKnownFileType = sourcecode.swift; path = MovieSearchAPI.swift; sourceTree = "<group>"; };
		9648653D285B2B2C00570F75 /* OldMovieSearchAPI.swift */ = {isa = PBXFileReference; lastKnownFileType = sourcecode.swift; path = OldMovieSearchAPI.swift; sourceTree = "<group>"; };
		9648653F285B44D000570F75 /* MovieDetailViewController.swift */ = {isa = PBXFileReference; lastKnownFileType = sourcecode.swift; path = MovieDetailViewController.swift; sourceTree = "<group>"; };
		96486541285B456E00570F75 /* MovieFavoriteViewController.swift */ = {isa = PBXFileReference; lastKnownFileType = sourcecode.swift; path = MovieFavoriteViewController.swift; sourceTree = "<group>"; };
		96486543285B48AB00570F75 /* AppComponent.swift */ = {isa = PBXFileReference; lastKnownFileType = sourcecode.swift; path = AppComponent.swift; sourceTree = "<group>"; };
		96486545285B493000570F75 /* MovieSearchViewModel.swift */ = {isa = PBXFileReference; lastKnownFileType = sourcecode.swift; path = MovieSearchViewModel.swift; sourceTree = "<group>"; };
		96486548285B54CD00570F75 /* IntExtension.swift */ = {isa = PBXFileReference; lastKnownFileType = sourcecode.swift; path = IntExtension.swift; sourceTree = "<group>"; };
		9648654B285B617D00570F75 /* MovieCell.swift */ = {isa = PBXFileReference; lastKnownFileType = sourcecode.swift; path = MovieCell.swift; sourceTree = "<group>"; };
		9648654D285B626000570F75 /* ViewIdentifier.swift */ = {isa = PBXFileReference; lastKnownFileType = sourcecode.swift; path = ViewIdentifier.swift; sourceTree = "<group>"; };
		9648654F285B6AD700570F75 /* FontExtension.swift */ = {isa = PBXFileReference; lastKnownFileType = sourcecode.swift; path = FontExtension.swift; sourceTree = "<group>"; };
		96486551285B6C4700570F75 /* FontComponent.swift */ = {isa = PBXFileReference; lastKnownFileType = sourcecode.swift; path = FontComponent.swift; sourceTree = "<group>"; };
		96486553285C3F3400570F75 /* UIImageExtension.swift */ = {isa = PBXFileReference; lastKnownFileType = sourcecode.swift; path = UIImageExtension.swift; sourceTree = "<group>"; };
		9694192528585869008AE5CA /* SearchedMovie.app */ = {isa = PBXFileReference; explicitFileType = wrapper.application; includeInIndex = 0; path = SearchedMovie.app; sourceTree = BUILT_PRODUCTS_DIR; };
		9694192828585869008AE5CA /* AppDelegate.swift */ = {isa = PBXFileReference; lastKnownFileType = sourcecode.swift; path = AppDelegate.swift; sourceTree = "<group>"; };
		9694192A28585869008AE5CA /* SceneDelegate.swift */ = {isa = PBXFileReference; lastKnownFileType = sourcecode.swift; path = SceneDelegate.swift; sourceTree = "<group>"; };
		9694192F28585869008AE5CA /* Base */ = {isa = PBXFileReference; lastKnownFileType = file.storyboard; name = Base; path = Base.lproj/Main.storyboard; sourceTree = "<group>"; };
		969419312858586B008AE5CA /* Assets.xcassets */ = {isa = PBXFileReference; lastKnownFileType = folder.assetcatalog; path = Assets.xcassets; sourceTree = "<group>"; };
		969419342858586B008AE5CA /* Base */ = {isa = PBXFileReference; lastKnownFileType = file.storyboard; name = Base; path = Base.lproj/LaunchScreen.storyboard; sourceTree = "<group>"; };
		969419362858586B008AE5CA /* Info.plist */ = {isa = PBXFileReference; lastKnownFileType = text.plist.xml; path = Info.plist; sourceTree = "<group>"; };
		9694193B2858586B008AE5CA /* SearchedMovieTests.xctest */ = {isa = PBXFileReference; explicitFileType = wrapper.cfbundle; includeInIndex = 0; path = SearchedMovieTests.xctest; sourceTree = BUILT_PRODUCTS_DIR; };
		9694193F2858586B008AE5CA /* SearchedMovieTests.swift */ = {isa = PBXFileReference; lastKnownFileType = sourcecode.swift; path = SearchedMovieTests.swift; sourceTree = "<group>"; };
		969419452858586B008AE5CA /* SearchedMovieUITests.xctest */ = {isa = PBXFileReference; explicitFileType = wrapper.cfbundle; includeInIndex = 0; path = SearchedMovieUITests.xctest; sourceTree = BUILT_PRODUCTS_DIR; };
		969419492858586B008AE5CA /* SearchedMovieUITests.swift */ = {isa = PBXFileReference; lastKnownFileType = sourcecode.swift; path = SearchedMovieUITests.swift; sourceTree = "<group>"; };
		9694194B2858586B008AE5CA /* SearchedMovieUITestsLaunchTests.swift */ = {isa = PBXFileReference; lastKnownFileType = sourcecode.swift; path = SearchedMovieUITestsLaunchTests.swift; sourceTree = "<group>"; };
		9694195C285858DF008AE5CA /* MovieSearchViewController.swift */ = {isa = PBXFileReference; lastKnownFileType = sourcecode.swift; path = MovieSearchViewController.swift; sourceTree = "<group>"; };
		9694196628585A65008AE5CA /* BasicViewController.swift */ = {isa = PBXFileReference; lastKnownFileType = sourcecode.swift; path = BasicViewController.swift; sourceTree = "<group>"; };
		969419712859C606008AE5CA /* Movie.swift */ = {isa = PBXFileReference; lastKnownFileType = sourcecode.swift; path = Movie.swift; sourceTree = "<group>"; };
		969419742859C77D008AE5CA /* Constant.swift */ = {isa = PBXFileReference; lastKnownFileType = sourcecode.swift; path = Constant.swift; sourceTree = "<group>"; };
		969419762859C7F7008AE5CA /* AppBundle.swift */ = {isa = PBXFileReference; lastKnownFileType = sourcecode.swift; path = AppBundle.swift; sourceTree = "<group>"; };
		96A55D5C286067D700336BBD /* ViewConstant.swift */ = {isa = PBXFileReference; lastKnownFileType = sourcecode.swift; path = ViewConstant.swift; sourceTree = "<group>"; };
		96A55D5F28606C7800336BBD /* HTMLTagType.swift */ = {isa = PBXFileReference; lastKnownFileType = sourcecode.swift; path = HTMLTagType.swift; sourceTree = "<group>"; };
		96A55D622860A36C00336BBD /* CustomView.swift */ = {isa = PBXFileReference; lastKnownFileType = sourcecode.swift; path = CustomView.swift; sourceTree = "<group>"; };
		96A55D642860AF9000336BBD /* CustomSearchBar.swift */ = {isa = PBXFileReference; lastKnownFileType = sourcecode.swift; path = CustomSearchBar.swift; sourceTree = "<group>"; };
		96A55D662860B9AB00336BBD /* ViewModel.swift */ = {isa = PBXFileReference; lastKnownFileType = sourcecode.swift; path = ViewModel.swift; sourceTree = "<group>"; };
/* End PBXFileReference section */

/* Begin PBXFrameworksBuildPhase section */
		9694192228585869008AE5CA /* Frameworks */ = {
			isa = PBXFrameworksBuildPhase;
			buildActionMask = 2147483647;
			files = (
				969419642858599D008AE5CA /* RxSwift in Frameworks */,
				969419622858599D008AE5CA /* RxRelay in Frameworks */,
				969419602858599D008AE5CA /* RxCocoa in Frameworks */,
				96941970285860EB008AE5CA /* Alamofire in Frameworks */,
				9694196A28585B64008AE5CA /* Then in Frameworks */,
				9694196D28585BC4008AE5CA /* SnapKit in Frameworks */,
			);
			runOnlyForDeploymentPostprocessing = 0;
		};
		969419382858586B008AE5CA /* Frameworks */ = {
			isa = PBXFrameworksBuildPhase;
			buildActionMask = 2147483647;
			files = (
			);
			runOnlyForDeploymentPostprocessing = 0;
		};
		969419422858586B008AE5CA /* Frameworks */ = {
			isa = PBXFrameworksBuildPhase;
			buildActionMask = 2147483647;
			files = (
			);
			runOnlyForDeploymentPostprocessing = 0;
		};
/* End PBXFrameworksBuildPhase section */

/* Begin PBXGroup section */
		964865332859E57200570F75 /* Util */ = {
			isa = PBXGroup;
			children = (
				9648653B2859F9F300570F75 /* MovieSearchAPI.swift */,
				9648653D285B2B2C00570F75 /* OldMovieSearchAPI.swift */,
			);
			path = Util;
			sourceTree = "<group>";
		};
		964865362859F2A800570F75 /* Extension */ = {
			isa = PBXGroup;
			children = (
				964865392859F44200570F75 /* StringExtension.swift */,
				96486548285B54CD00570F75 /* IntExtension.swift */,
				964865372859F2CE00570F75 /* URLExtension.swift */,
				9648654F285B6AD700570F75 /* FontExtension.swift */,
				96486553285C3F3400570F75 /* UIImageExtension.swift */,
			);
			path = Extension;
			sourceTree = "<group>";
		};
		96486547285B540300570F75 /* Component */ = {
			isa = PBXGroup;
			children = (
				96486543285B48AB00570F75 /* AppComponent.swift */,
				969419762859C7F7008AE5CA /* AppBundle.swift */,
				964865342859E59F00570F75 /* SMError.swift */,
				96486551285B6C4700570F75 /* FontComponent.swift */,
			);
			path = Component;
			sourceTree = "<group>";
		};
		9648654A285B616000570F75 /* Cell */ = {
			isa = PBXGroup;
			children = (
				9648654B285B617D00570F75 /* MovieCell.swift */,
			);
			path = Cell;
			sourceTree = "<group>";
		};
		9694191C28585869008AE5CA = {
			isa = PBXGroup;
			children = (
				9694192728585869008AE5CA /* SearchedMovie */,
				9694193E2858586B008AE5CA /* SearchedMovieTests */,
				969419482858586B008AE5CA /* SearchedMovieUITests */,
				9694192628585869008AE5CA /* Products */,
			);
			sourceTree = "<group>";
		};
		9694192628585869008AE5CA /* Products */ = {
			isa = PBXGroup;
			children = (
				9694192528585869008AE5CA /* SearchedMovie.app */,
				9694193B2858586B008AE5CA /* SearchedMovieTests.xctest */,
				969419452858586B008AE5CA /* SearchedMovieUITests.xctest */,
			);
			name = Products;
			sourceTree = "<group>";
		};
		9694192728585869008AE5CA /* SearchedMovie */ = {
			isa = PBXGroup;
			children = (
				969419582858589A008AE5CA /* LauncherApplication */,
				96941959285858B6008AE5CA /* Model */,
				9694195B285858C6008AE5CA /* ViewModel */,
				9694195A285858C0008AE5CA /* View */,
				96A55D612860A35100336BBD /* CustomizeView */,
				96A55D5E28606C4D00336BBD /* Object */,
				964865332859E57200570F75 /* Util */,
				96486547285B540300570F75 /* Component */,
				969419732859C737008AE5CA /* Constant */,
				964865362859F2A800570F75 /* Extension */,
				9694192E28585869008AE5CA /* Main.storyboard */,
				969419312858586B008AE5CA /* Assets.xcassets */,
				969419332858586B008AE5CA /* LaunchScreen.storyboard */,
				969419362858586B008AE5CA /* Info.plist */,
			);
			path = SearchedMovie;
			sourceTree = "<group>";
		};
		9694193E2858586B008AE5CA /* SearchedMovieTests */ = {
			isa = PBXGroup;
			children = (
				9694193F2858586B008AE5CA /* SearchedMovieTests.swift */,
			);
			path = SearchedMovieTests;
			sourceTree = "<group>";
		};
		969419482858586B008AE5CA /* SearchedMovieUITests */ = {
			isa = PBXGroup;
			children = (
				969419492858586B008AE5CA /* SearchedMovieUITests.swift */,
				9694194B2858586B008AE5CA /* SearchedMovieUITestsLaunchTests.swift */,
			);
			path = SearchedMovieUITests;
			sourceTree = "<group>";
		};
		969419582858589A008AE5CA /* LauncherApplication */ = {
			isa = PBXGroup;
			children = (
				9694192828585869008AE5CA /* AppDelegate.swift */,
				9694192A28585869008AE5CA /* SceneDelegate.swift */,
			);
			path = LauncherApplication;
			sourceTree = "<group>";
		};
		96941959285858B6008AE5CA /* Model */ = {
			isa = PBXGroup;
			children = (
				969419712859C606008AE5CA /* Movie.swift */,
			);
			path = Model;
			sourceTree = "<group>";
		};
		9694195A285858C0008AE5CA /* View */ = {
			isa = PBXGroup;
			children = (
				9648654A285B616000570F75 /* Cell */,
				9694196528585A53008AE5CA /* Util */,
				9694195C285858DF008AE5CA /* MovieSearchViewController.swift */,
				9648653F285B44D000570F75 /* MovieDetailViewController.swift */,
				96486541285B456E00570F75 /* MovieFavoriteViewController.swift */,
			);
			path = View;
			sourceTree = "<group>";
		};
		9694195B285858C6008AE5CA /* ViewModel */ = {
			isa = PBXGroup;
			children = (
				96A55D662860B9AB00336BBD /* ViewModel.swift */,
				96486545285B493000570F75 /* MovieSearchViewModel.swift */,
			);
			path = ViewModel;
			sourceTree = "<group>";
		};
		9694196528585A53008AE5CA /* Util */ = {
			isa = PBXGroup;
			children = (
				9694196628585A65008AE5CA /* BasicViewController.swift */,
			);
			path = Util;
			sourceTree = "<group>";
		};
		969419732859C737008AE5CA /* Constant */ = {
			isa = PBXGroup;
			children = (
				969419742859C77D008AE5CA /* Constant.swift */,
				9648652F2859CCC900570F75 /* ParsingConstant.swift */,
				9648654D285B626000570F75 /* ViewIdentifier.swift */,
				96A55D5C286067D700336BBD /* ViewConstant.swift */,
			);
			path = Constant;
			sourceTree = "<group>";
		};
		96A55D5E28606C4D00336BBD /* Object */ = {
			isa = PBXGroup;
			children = (
				96A55D5F28606C7800336BBD /* HTMLTagType.swift */,
			);
			path = Object;
			sourceTree = "<group>";
		};
		96A55D612860A35100336BBD /* CustomizeView */ = {
			isa = PBXGroup;
			children = (
				96A55D622860A36C00336BBD /* CustomView.swift */,
				96A55D642860AF9000336BBD /* CustomSearchBar.swift */,
			);
			path = CustomizeView;
			sourceTree = "<group>";
		};
/* End PBXGroup section */

/* Begin PBXNativeTarget section */
		9694192428585869008AE5CA /* SearchedMovie */ = {
			isa = PBXNativeTarget;
			buildConfigurationList = 9694194F2858586B008AE5CA /* Build configuration list for PBXNativeTarget "SearchedMovie" */;
			buildPhases = (
				9694192128585869008AE5CA /* Sources */,
				9694192228585869008AE5CA /* Frameworks */,
				9694192328585869008AE5CA /* Resources */,
			);
			buildRules = (
			);
			dependencies = (
			);
			name = SearchedMovie;
			packageProductDependencies = (
				9694195F2858599D008AE5CA /* RxCocoa */,
				969419612858599D008AE5CA /* RxRelay */,
				969419632858599D008AE5CA /* RxSwift */,
				9694196928585B64008AE5CA /* Then */,
				9694196C28585BC4008AE5CA /* SnapKit */,
				9694196F285860EB008AE5CA /* Alamofire */,
			);
			productName = SearchedMovie;
			productReference = 9694192528585869008AE5CA /* SearchedMovie.app */;
			productType = "com.apple.product-type.application";
		};
		9694193A2858586B008AE5CA /* SearchedMovieTests */ = {
			isa = PBXNativeTarget;
			buildConfigurationList = 969419522858586B008AE5CA /* Build configuration list for PBXNativeTarget "SearchedMovieTests" */;
			buildPhases = (
				969419372858586B008AE5CA /* Sources */,
				969419382858586B008AE5CA /* Frameworks */,
				969419392858586B008AE5CA /* Resources */,
			);
			buildRules = (
			);
			dependencies = (
				9694193D2858586B008AE5CA /* PBXTargetDependency */,
			);
			name = SearchedMovieTests;
			productName = SearchedMovieTests;
			productReference = 9694193B2858586B008AE5CA /* SearchedMovieTests.xctest */;
			productType = "com.apple.product-type.bundle.unit-test";
		};
		969419442858586B008AE5CA /* SearchedMovieUITests */ = {
			isa = PBXNativeTarget;
			buildConfigurationList = 969419552858586B008AE5CA /* Build configuration list for PBXNativeTarget "SearchedMovieUITests" */;
			buildPhases = (
				969419412858586B008AE5CA /* Sources */,
				969419422858586B008AE5CA /* Frameworks */,
				969419432858586B008AE5CA /* Resources */,
			);
			buildRules = (
			);
			dependencies = (
				969419472858586B008AE5CA /* PBXTargetDependency */,
			);
			name = SearchedMovieUITests;
			productName = SearchedMovieUITests;
			productReference = 969419452858586B008AE5CA /* SearchedMovieUITests.xctest */;
			productType = "com.apple.product-type.bundle.ui-testing";
		};
/* End PBXNativeTarget section */

/* Begin PBXProject section */
		9694191D28585869008AE5CA /* Project object */ = {
			isa = PBXProject;
			attributes = {
				BuildIndependentTargetsInParallel = 1;
				LastSwiftUpdateCheck = 1330;
				LastUpgradeCheck = 1330;
				TargetAttributes = {
					9694192428585869008AE5CA = {
						CreatedOnToolsVersion = 13.3.1;
					};
					9694193A2858586B008AE5CA = {
						CreatedOnToolsVersion = 13.3.1;
						TestTargetID = 9694192428585869008AE5CA;
					};
					969419442858586B008AE5CA = {
						CreatedOnToolsVersion = 13.3.1;
						TestTargetID = 9694192428585869008AE5CA;
					};
				};
			};
			buildConfigurationList = 9694192028585869008AE5CA /* Build configuration list for PBXProject "SearchedMovie" */;
			compatibilityVersion = "Xcode 13.0";
			developmentRegion = en;
			hasScannedForEncodings = 0;
			knownRegions = (
				en,
				Base,
			);
			mainGroup = 9694191C28585869008AE5CA;
			packageReferences = (
				9694195E2858599D008AE5CA /* XCRemoteSwiftPackageReference "RxSwift" */,
				9694196828585B64008AE5CA /* XCRemoteSwiftPackageReference "Then" */,
				9694196B28585BC4008AE5CA /* XCRemoteSwiftPackageReference "SnapKit" */,
				9694196E285860EB008AE5CA /* XCRemoteSwiftPackageReference "Alamofire" */,
			);
			productRefGroup = 9694192628585869008AE5CA /* Products */;
			projectDirPath = "";
			projectRoot = "";
			targets = (
				9694192428585869008AE5CA /* SearchedMovie */,
				9694193A2858586B008AE5CA /* SearchedMovieTests */,
				969419442858586B008AE5CA /* SearchedMovieUITests */,
			);
		};
/* End PBXProject section */

/* Begin PBXResourcesBuildPhase section */
		9694192328585869008AE5CA /* Resources */ = {
			isa = PBXResourcesBuildPhase;
			buildActionMask = 2147483647;
			files = (
				969419352858586B008AE5CA /* LaunchScreen.storyboard in Resources */,
				969419322858586B008AE5CA /* Assets.xcassets in Resources */,
				9694193028585869008AE5CA /* Main.storyboard in Resources */,
			);
			runOnlyForDeploymentPostprocessing = 0;
		};
		969419392858586B008AE5CA /* Resources */ = {
			isa = PBXResourcesBuildPhase;
			buildActionMask = 2147483647;
			files = (
			);
			runOnlyForDeploymentPostprocessing = 0;
		};
		969419432858586B008AE5CA /* Resources */ = {
			isa = PBXResourcesBuildPhase;
			buildActionMask = 2147483647;
			files = (
			);
			runOnlyForDeploymentPostprocessing = 0;
		};
/* End PBXResourcesBuildPhase section */

/* Begin PBXSourcesBuildPhase section */
		9694192128585869008AE5CA /* Sources */ = {
			isa = PBXSourcesBuildPhase;
			buildActionMask = 2147483647;
			files = (
				9694192928585869008AE5CA /* AppDelegate.swift in Sources */,
				9648654E285B626000570F75 /* ViewIdentifier.swift in Sources */,
				96486554285C3F3400570F75 /* UIImageExtension.swift in Sources */,
				96486552285B6C4700570F75 /* FontComponent.swift in Sources */,
				96486544285B48AB00570F75 /* AppComponent.swift in Sources */,
				9648653E285B2B2C00570F75 /* OldMovieSearchAPI.swift in Sources */,
				96A55D672860B9AB00336BBD /* ViewModel.swift in Sources */,
				9694196728585A65008AE5CA /* BasicViewController.swift in Sources */,
				9694192B28585869008AE5CA /* SceneDelegate.swift in Sources */,
				96A55D6028606C7800336BBD /* HTMLTagType.swift in Sources */,
				96486549285B54CD00570F75 /* IntExtension.swift in Sources */,
				96486540285B44D000570F75 /* MovieDetailViewController.swift in Sources */,
				9694195D285858DF008AE5CA /* MovieSearchViewController.swift in Sources */,
				96486550285B6AD700570F75 /* FontExtension.swift in Sources */,
				969419722859C606008AE5CA /* Movie.swift in Sources */,
				96486546285B493000570F75 /* MovieSearchViewModel.swift in Sources */,
				964865382859F2CE00570F75 /* URLExtension.swift in Sources */,
				964865352859E59F00570F75 /* SMError.swift in Sources */,
				969419752859C77D008AE5CA /* Constant.swift in Sources */,
				9648653C2859F9F300570F75 /* MovieSearchAPI.swift in Sources */,
				96A55D632860A36C00336BBD /* CustomView.swift in Sources */,
				96A55D5D286067D700336BBD /* ViewConstant.swift in Sources */,
				9648654C285B617D00570F75 /* MovieCell.swift in Sources */,
				964865302859CCC900570F75 /* ParsingConstant.swift in Sources */,
				96A55D652860AF9000336BBD /* CustomSearchBar.swift in Sources */,
				96486542285B456E00570F75 /* MovieFavoriteViewController.swift in Sources */,
				9648653A2859F44200570F75 /* StringExtension.swift in Sources */,
				969419772859C7F7008AE5CA /* AppBundle.swift in Sources */,
			);
			runOnlyForDeploymentPostprocessing = 0;
		};
		969419372858586B008AE5CA /* Sources */ = {
			isa = PBXSourcesBuildPhase;
			buildActionMask = 2147483647;
			files = (
				969419402858586B008AE5CA /* SearchedMovieTests.swift in Sources */,
			);
			runOnlyForDeploymentPostprocessing = 0;
		};
		969419412858586B008AE5CA /* Sources */ = {
			isa = PBXSourcesBuildPhase;
			buildActionMask = 2147483647;
			files = (
				9694194C2858586B008AE5CA /* SearchedMovieUITestsLaunchTests.swift in Sources */,
				9694194A2858586B008AE5CA /* SearchedMovieUITests.swift in Sources */,
			);
			runOnlyForDeploymentPostprocessing = 0;
		};
/* End PBXSourcesBuildPhase section */

/* Begin PBXTargetDependency section */
		9694193D2858586B008AE5CA /* PBXTargetDependency */ = {
			isa = PBXTargetDependency;
			target = 9694192428585869008AE5CA /* SearchedMovie */;
			targetProxy = 9694193C2858586B008AE5CA /* PBXContainerItemProxy */;
		};
		969419472858586B008AE5CA /* PBXTargetDependency */ = {
			isa = PBXTargetDependency;
			target = 9694192428585869008AE5CA /* SearchedMovie */;
			targetProxy = 969419462858586B008AE5CA /* PBXContainerItemProxy */;
		};
/* End PBXTargetDependency section */

/* Begin PBXVariantGroup section */
		9694192E28585869008AE5CA /* Main.storyboard */ = {
			isa = PBXVariantGroup;
			children = (
				9694192F28585869008AE5CA /* Base */,
			);
			name = Main.storyboard;
			sourceTree = "<group>";
		};
		969419332858586B008AE5CA /* LaunchScreen.storyboard */ = {
			isa = PBXVariantGroup;
			children = (
				969419342858586B008AE5CA /* Base */,
			);
			name = LaunchScreen.storyboard;
			sourceTree = "<group>";
		};
/* End PBXVariantGroup section */

/* Begin XCBuildConfiguration section */
		9694194D2858586B008AE5CA /* Debug */ = {
			isa = XCBuildConfiguration;
			buildSettings = {
				ALWAYS_SEARCH_USER_PATHS = NO;
				CLANG_ANALYZER_NONNULL = YES;
				CLANG_ANALYZER_NUMBER_OBJECT_CONVERSION = YES_AGGRESSIVE;
				CLANG_CXX_LANGUAGE_STANDARD = "gnu++17";
				CLANG_ENABLE_MODULES = YES;
				CLANG_ENABLE_OBJC_ARC = YES;
				CLANG_ENABLE_OBJC_WEAK = YES;
				CLANG_WARN_BLOCK_CAPTURE_AUTORELEASING = YES;
				CLANG_WARN_BOOL_CONVERSION = YES;
				CLANG_WARN_COMMA = YES;
				CLANG_WARN_CONSTANT_CONVERSION = YES;
				CLANG_WARN_DEPRECATED_OBJC_IMPLEMENTATIONS = YES;
				CLANG_WARN_DIRECT_OBJC_ISA_USAGE = YES_ERROR;
				CLANG_WARN_DOCUMENTATION_COMMENTS = YES;
				CLANG_WARN_EMPTY_BODY = YES;
				CLANG_WARN_ENUM_CONVERSION = YES;
				CLANG_WARN_INFINITE_RECURSION = YES;
				CLANG_WARN_INT_CONVERSION = YES;
				CLANG_WARN_NON_LITERAL_NULL_CONVERSION = YES;
				CLANG_WARN_OBJC_IMPLICIT_RETAIN_SELF = YES;
				CLANG_WARN_OBJC_LITERAL_CONVERSION = YES;
				CLANG_WARN_OBJC_ROOT_CLASS = YES_ERROR;
				CLANG_WARN_QUOTED_INCLUDE_IN_FRAMEWORK_HEADER = YES;
				CLANG_WARN_RANGE_LOOP_ANALYSIS = YES;
				CLANG_WARN_STRICT_PROTOTYPES = YES;
				CLANG_WARN_SUSPICIOUS_MOVE = YES;
				CLANG_WARN_UNGUARDED_AVAILABILITY = YES_AGGRESSIVE;
				CLANG_WARN_UNREACHABLE_CODE = YES;
				CLANG_WARN__DUPLICATE_METHOD_MATCH = YES;
				COPY_PHASE_STRIP = NO;
				DEBUG_INFORMATION_FORMAT = dwarf;
				ENABLE_STRICT_OBJC_MSGSEND = YES;
				ENABLE_TESTABILITY = YES;
				GCC_C_LANGUAGE_STANDARD = gnu11;
				GCC_DYNAMIC_NO_PIC = NO;
				GCC_NO_COMMON_BLOCKS = YES;
				GCC_OPTIMIZATION_LEVEL = 0;
				GCC_PREPROCESSOR_DEFINITIONS = (
					"DEBUG=1",
					"$(inherited)",
				);
				GCC_WARN_64_TO_32_BIT_CONVERSION = YES;
				GCC_WARN_ABOUT_RETURN_TYPE = YES_ERROR;
				GCC_WARN_UNDECLARED_SELECTOR = YES;
				GCC_WARN_UNINITIALIZED_AUTOS = YES_AGGRESSIVE;
				GCC_WARN_UNUSED_FUNCTION = YES;
				GCC_WARN_UNUSED_VARIABLE = YES;
				IPHONEOS_DEPLOYMENT_TARGET = 15.4;
				MTL_ENABLE_DEBUG_INFO = INCLUDE_SOURCE;
				MTL_FAST_MATH = YES;
				ONLY_ACTIVE_ARCH = YES;
				SDKROOT = iphoneos;
				SWIFT_ACTIVE_COMPILATION_CONDITIONS = DEBUG;
				SWIFT_OPTIMIZATION_LEVEL = "-Onone";
			};
			name = Debug;
		};
		9694194E2858586B008AE5CA /* Release */ = {
			isa = XCBuildConfiguration;
			buildSettings = {
				ALWAYS_SEARCH_USER_PATHS = NO;
				CLANG_ANALYZER_NONNULL = YES;
				CLANG_ANALYZER_NUMBER_OBJECT_CONVERSION = YES_AGGRESSIVE;
				CLANG_CXX_LANGUAGE_STANDARD = "gnu++17";
				CLANG_ENABLE_MODULES = YES;
				CLANG_ENABLE_OBJC_ARC = YES;
				CLANG_ENABLE_OBJC_WEAK = YES;
				CLANG_WARN_BLOCK_CAPTURE_AUTORELEASING = YES;
				CLANG_WARN_BOOL_CONVERSION = YES;
				CLANG_WARN_COMMA = YES;
				CLANG_WARN_CONSTANT_CONVERSION = YES;
				CLANG_WARN_DEPRECATED_OBJC_IMPLEMENTATIONS = YES;
				CLANG_WARN_DIRECT_OBJC_ISA_USAGE = YES_ERROR;
				CLANG_WARN_DOCUMENTATION_COMMENTS = YES;
				CLANG_WARN_EMPTY_BODY = YES;
				CLANG_WARN_ENUM_CONVERSION = YES;
				CLANG_WARN_INFINITE_RECURSION = YES;
				CLANG_WARN_INT_CONVERSION = YES;
				CLANG_WARN_NON_LITERAL_NULL_CONVERSION = YES;
				CLANG_WARN_OBJC_IMPLICIT_RETAIN_SELF = YES;
				CLANG_WARN_OBJC_LITERAL_CONVERSION = YES;
				CLANG_WARN_OBJC_ROOT_CLASS = YES_ERROR;
				CLANG_WARN_QUOTED_INCLUDE_IN_FRAMEWORK_HEADER = YES;
				CLANG_WARN_RANGE_LOOP_ANALYSIS = YES;
				CLANG_WARN_STRICT_PROTOTYPES = YES;
				CLANG_WARN_SUSPICIOUS_MOVE = YES;
				CLANG_WARN_UNGUARDED_AVAILABILITY = YES_AGGRESSIVE;
				CLANG_WARN_UNREACHABLE_CODE = YES;
				CLANG_WARN__DUPLICATE_METHOD_MATCH = YES;
				COPY_PHASE_STRIP = NO;
				DEBUG_INFORMATION_FORMAT = "dwarf-with-dsym";
				ENABLE_NS_ASSERTIONS = NO;
				ENABLE_STRICT_OBJC_MSGSEND = YES;
				GCC_C_LANGUAGE_STANDARD = gnu11;
				GCC_NO_COMMON_BLOCKS = YES;
				GCC_WARN_64_TO_32_BIT_CONVERSION = YES;
				GCC_WARN_ABOUT_RETURN_TYPE = YES_ERROR;
				GCC_WARN_UNDECLARED_SELECTOR = YES;
				GCC_WARN_UNINITIALIZED_AUTOS = YES_AGGRESSIVE;
				GCC_WARN_UNUSED_FUNCTION = YES;
				GCC_WARN_UNUSED_VARIABLE = YES;
				IPHONEOS_DEPLOYMENT_TARGET = 15.4;
				MTL_ENABLE_DEBUG_INFO = NO;
				MTL_FAST_MATH = YES;
				SDKROOT = iphoneos;
				SWIFT_COMPILATION_MODE = wholemodule;
				SWIFT_OPTIMIZATION_LEVEL = "-O";
				VALIDATE_PRODUCT = YES;
			};
			name = Release;
		};
		969419502858586B008AE5CA /* Debug */ = {
			isa = XCBuildConfiguration;
			buildSettings = {
				ASSETCATALOG_COMPILER_APPICON_NAME = AppIcon;
				ASSETCATALOG_COMPILER_GLOBAL_ACCENT_COLOR_NAME = AccentColor;
				CODE_SIGN_STYLE = Automatic;
				CURRENT_PROJECT_VERSION = 1;
				DEVELOPMENT_TEAM = PCKUF577AL;
				GENERATE_INFOPLIST_FILE = YES;
				INFOPLIST_FILE = SearchedMovie/Info.plist;
				INFOPLIST_KEY_UIApplicationSupportsIndirectInputEvents = YES;
				INFOPLIST_KEY_UILaunchStoryboardName = LaunchScreen;
				INFOPLIST_KEY_UIMainStoryboardFile = Main;
				INFOPLIST_KEY_UISupportedInterfaceOrientations_iPad = "UIInterfaceOrientationPortrait UIInterfaceOrientationPortraitUpsideDown UIInterfaceOrientationLandscapeLeft UIInterfaceOrientationLandscapeRight";
				INFOPLIST_KEY_UISupportedInterfaceOrientations_iPhone = "UIInterfaceOrientationPortrait UIInterfaceOrientationLandscapeLeft UIInterfaceOrientationLandscapeRight";
				LD_RUNPATH_SEARCH_PATHS = (
					"$(inherited)",
					"@executable_path/Frameworks",
				);
				MARKETING_VERSION = 1.0;
				PRODUCT_BUNDLE_IDENTIFIER = kr.com.YoujinMack.SearchedMovie;
				PRODUCT_NAME = "$(TARGET_NAME)";
				SWIFT_EMIT_LOC_STRINGS = YES;
				SWIFT_VERSION = 5.0;
				TARGETED_DEVICE_FAMILY = "1,2";
			};
			name = Debug;
		};
		969419512858586B008AE5CA /* Release */ = {
			isa = XCBuildConfiguration;
			buildSettings = {
				ASSETCATALOG_COMPILER_APPICON_NAME = AppIcon;
				ASSETCATALOG_COMPILER_GLOBAL_ACCENT_COLOR_NAME = AccentColor;
				CODE_SIGN_STYLE = Automatic;
				CURRENT_PROJECT_VERSION = 1;
				DEVELOPMENT_TEAM = PCKUF577AL;
				GENERATE_INFOPLIST_FILE = YES;
				INFOPLIST_FILE = SearchedMovie/Info.plist;
				INFOPLIST_KEY_UIApplicationSupportsIndirectInputEvents = YES;
				INFOPLIST_KEY_UILaunchStoryboardName = LaunchScreen;
				INFOPLIST_KEY_UIMainStoryboardFile = Main;
				INFOPLIST_KEY_UISupportedInterfaceOrientations_iPad = "UIInterfaceOrientationPortrait UIInterfaceOrientationPortraitUpsideDown UIInterfaceOrientationLandscapeLeft UIInterfaceOrientationLandscapeRight";
				INFOPLIST_KEY_UISupportedInterfaceOrientations_iPhone = "UIInterfaceOrientationPortrait UIInterfaceOrientationLandscapeLeft UIInterfaceOrientationLandscapeRight";
				LD_RUNPATH_SEARCH_PATHS = (
					"$(inherited)",
					"@executable_path/Frameworks",
				);
				MARKETING_VERSION = 1.0;
				PRODUCT_BUNDLE_IDENTIFIER = kr.com.YoujinMack.SearchedMovie;
				PRODUCT_NAME = "$(TARGET_NAME)";
				SWIFT_EMIT_LOC_STRINGS = YES;
				SWIFT_VERSION = 5.0;
				TARGETED_DEVICE_FAMILY = "1,2";
			};
			name = Release;
		};
		969419532858586B008AE5CA /* Debug */ = {
			isa = XCBuildConfiguration;
			buildSettings = {
				ALWAYS_EMBED_SWIFT_STANDARD_LIBRARIES = YES;
				BUNDLE_LOADER = "$(TEST_HOST)";
				CODE_SIGN_STYLE = Automatic;
				CURRENT_PROJECT_VERSION = 1;
				DEVELOPMENT_TEAM = PCKUF577AL;
				GENERATE_INFOPLIST_FILE = YES;
				IPHONEOS_DEPLOYMENT_TARGET = 15.4;
				MARKETING_VERSION = 1.0;
				PRODUCT_BUNDLE_IDENTIFIER = kr.com.YoujinMack.PetsIntroduction.SearchedMovieTests;
				PRODUCT_NAME = "$(TARGET_NAME)";
				SWIFT_EMIT_LOC_STRINGS = NO;
				SWIFT_VERSION = 5.0;
				TARGETED_DEVICE_FAMILY = "1,2";
				TEST_HOST = "$(BUILT_PRODUCTS_DIR)/SearchedMovie.app/SearchedMovie";
			};
			name = Debug;
		};
		969419542858586B008AE5CA /* Release */ = {
			isa = XCBuildConfiguration;
			buildSettings = {
				ALWAYS_EMBED_SWIFT_STANDARD_LIBRARIES = YES;
				BUNDLE_LOADER = "$(TEST_HOST)";
				CODE_SIGN_STYLE = Automatic;
				CURRENT_PROJECT_VERSION = 1;
				DEVELOPMENT_TEAM = PCKUF577AL;
				GENERATE_INFOPLIST_FILE = YES;
				IPHONEOS_DEPLOYMENT_TARGET = 15.4;
				MARKETING_VERSION = 1.0;
				PRODUCT_BUNDLE_IDENTIFIER = kr.com.YoujinMack.PetsIntroduction.SearchedMovieTests;
				PRODUCT_NAME = "$(TARGET_NAME)";
				SWIFT_EMIT_LOC_STRINGS = NO;
				SWIFT_VERSION = 5.0;
				TARGETED_DEVICE_FAMILY = "1,2";
				TEST_HOST = "$(BUILT_PRODUCTS_DIR)/SearchedMovie.app/SearchedMovie";
			};
			name = Release;
		};
		969419562858586B008AE5CA /* Debug */ = {
			isa = XCBuildConfiguration;
			buildSettings = {
				ALWAYS_EMBED_SWIFT_STANDARD_LIBRARIES = YES;
				CODE_SIGN_STYLE = Automatic;
				CURRENT_PROJECT_VERSION = 1;
				DEVELOPMENT_TEAM = PCKUF577AL;
				GENERATE_INFOPLIST_FILE = YES;
				MARKETING_VERSION = 1.0;
				PRODUCT_BUNDLE_IDENTIFIER = kr.com.YoujinMack.PetsIntroduction.SearchedMovieUITests;
				PRODUCT_NAME = "$(TARGET_NAME)";
				SWIFT_EMIT_LOC_STRINGS = NO;
				SWIFT_VERSION = 5.0;
				TARGETED_DEVICE_FAMILY = "1,2";
				TEST_TARGET_NAME = SearchedMovie;
			};
			name = Debug;
		};
		969419572858586B008AE5CA /* Release */ = {
			isa = XCBuildConfiguration;
			buildSettings = {
				ALWAYS_EMBED_SWIFT_STANDARD_LIBRARIES = YES;
				CODE_SIGN_STYLE = Automatic;
				CURRENT_PROJECT_VERSION = 1;
				DEVELOPMENT_TEAM = PCKUF577AL;
				GENERATE_INFOPLIST_FILE = YES;
				MARKETING_VERSION = 1.0;
				PRODUCT_BUNDLE_IDENTIFIER = kr.com.YoujinMack.PetsIntroduction.SearchedMovieUITests;
				PRODUCT_NAME = "$(TARGET_NAME)";
				SWIFT_EMIT_LOC_STRINGS = NO;
				SWIFT_VERSION = 5.0;
				TARGETED_DEVICE_FAMILY = "1,2";
				TEST_TARGET_NAME = SearchedMovie;
			};
			name = Release;
		};
/* End XCBuildConfiguration section */

/* Begin XCConfigurationList section */
		9694192028585869008AE5CA /* Build configuration list for PBXProject "SearchedMovie" */ = {
			isa = XCConfigurationList;
			buildConfigurations = (
				9694194D2858586B008AE5CA /* Debug */,
				9694194E2858586B008AE5CA /* Release */,
			);
			defaultConfigurationIsVisible = 0;
			defaultConfigurationName = Release;
		};
		9694194F2858586B008AE5CA /* Build configuration list for PBXNativeTarget "SearchedMovie" */ = {
			isa = XCConfigurationList;
			buildConfigurations = (
				969419502858586B008AE5CA /* Debug */,
				969419512858586B008AE5CA /* Release */,
			);
			defaultConfigurationIsVisible = 0;
			defaultConfigurationName = Release;
		};
		969419522858586B008AE5CA /* Build configuration list for PBXNativeTarget "SearchedMovieTests" */ = {
			isa = XCConfigurationList;
			buildConfigurations = (
				969419532858586B008AE5CA /* Debug */,
				969419542858586B008AE5CA /* Release */,
			);
			defaultConfigurationIsVisible = 0;
			defaultConfigurationName = Release;
		};
		969419552858586B008AE5CA /* Build configuration list for PBXNativeTarget "SearchedMovieUITests" */ = {
			isa = XCConfigurationList;
			buildConfigurations = (
				969419562858586B008AE5CA /* Debug */,
				969419572858586B008AE5CA /* Release */,
			);
			defaultConfigurationIsVisible = 0;
			defaultConfigurationName = Release;
		};
/* End XCConfigurationList section */

/* Begin XCRemoteSwiftPackageReference section */
		9694195E2858599D008AE5CA /* XCRemoteSwiftPackageReference "RxSwift" */ = {
			isa = XCRemoteSwiftPackageReference;
			repositoryURL = "https://github.com/ReactiveX/RxSwift";
			requirement = {
				branch = main;
				kind = branch;
			};
		};
		9694196828585B64008AE5CA /* XCRemoteSwiftPackageReference "Then" */ = {
			isa = XCRemoteSwiftPackageReference;
			repositoryURL = "https://github.com/devxoul/Then";
			requirement = {
				branch = master;
				kind = branch;
			};
		};
		9694196B28585BC4008AE5CA /* XCRemoteSwiftPackageReference "SnapKit" */ = {
			isa = XCRemoteSwiftPackageReference;
			repositoryURL = "https://github.com/SnapKit/SnapKit";
			requirement = {
				kind = upToNextMajorVersion;
				minimumVersion = 5.0.0;
			};
		};
		9694196E285860EB008AE5CA /* XCRemoteSwiftPackageReference "Alamofire" */ = {
			isa = XCRemoteSwiftPackageReference;
			repositoryURL = "https://github.com/Alamofire/Alamofire";
			requirement = {
				kind = upToNextMajorVersion;
				minimumVersion = 5.0.0;
			};
		};
/* End XCRemoteSwiftPackageReference section */

/* Begin XCSwiftPackageProductDependency section */
		9694195F2858599D008AE5CA /* RxCocoa */ = {
			isa = XCSwiftPackageProductDependency;
			package = 9694195E2858599D008AE5CA /* XCRemoteSwiftPackageReference "RxSwift" */;
			productName = RxCocoa;
		};
		969419612858599D008AE5CA /* RxRelay */ = {
			isa = XCSwiftPackageProductDependency;
			package = 9694195E2858599D008AE5CA /* XCRemoteSwiftPackageReference "RxSwift" */;
			productName = RxRelay;
		};
		969419632858599D008AE5CA /* RxSwift */ = {
			isa = XCSwiftPackageProductDependency;
			package = 9694195E2858599D008AE5CA /* XCRemoteSwiftPackageReference "RxSwift" */;
			productName = RxSwift;
		};
		9694196928585B64008AE5CA /* Then */ = {
			isa = XCSwiftPackageProductDependency;
			package = 9694196828585B64008AE5CA /* XCRemoteSwiftPackageReference "Then" */;
			productName = Then;
		};
		9694196C28585BC4008AE5CA /* SnapKit */ = {
			isa = XCSwiftPackageProductDependency;
			package = 9694196B28585BC4008AE5CA /* XCRemoteSwiftPackageReference "SnapKit" */;
			productName = SnapKit;
		};
		9694196F285860EB008AE5CA /* Alamofire */ = {
			isa = XCSwiftPackageProductDependency;
			package = 9694196E285860EB008AE5CA /* XCRemoteSwiftPackageReference "Alamofire" */;
			productName = Alamofire;
		};
/* End XCSwiftPackageProductDependency section */
	};
	rootObject = 9694191D28585869008AE5CA /* Project object */;
}
